
Microsoft Visual Studio Solution File, Format Version 12.00
# Visual Studio Version 17
VisualStudioVersion = 17.3.32929.385
MinimumVisualStudioVersion = 10.0.40219.1
Project("{9A19103F-16F7-4668-BE54-9A1E7A4F7556}") = "1-OláMundo", "1-OláMundo.csproj", "{BE03B982-25B5-457B-ACCD-52FD931E12DA}"
EndProject
Project("{9A19103F-16F7-4668-BE54-9A1E7A4F7556}") = "2-CriandoVariaveis", "..\2-CriandoVariaveis\2-CriandoVariaveis.csproj", "{80BF4728-5071-41B3-935F-21B7DFBD96E5}"
EndProject
Project("{9A19103F-16F7-4668-BE54-9A1E7A4F7556}") = "3-CriandoVariaveisPontoFlutuante", "..\3-CriandoVariaveisPontoFlutuante\3-CriandoVariaveisPontoFlutuante.csproj", "{D982EBC8-2713-4606-ADFC-FA2F6B596E14}"
EndProject
Project("{9A19103F-16F7-4668-BE54-9A1E7A4F7556}") = "4 - ConversoesEOutrosTipos", "..\ConversoesEOutrosTipos\4 - ConversoesEOutrosTipos.csproj", "{08E8972D-CD35-4DEA-9EC3-64F077087FA1}"
EndProject
Project("{9A19103F-16F7-4668-BE54-9A1E7A4F7556}") = "5-CaracteresETextos", "..\5-CaracteresETextos\5-CaracteresETextos.csproj", "{48831437-1901-4EC1-B220-78FEB3B32143}"
EndProject
Project("{9A19103F-16F7-4668-BE54-9A1E7A4F7556}") = "Caracteres e letras - Canção do Exílio", "..\Caracteres e letras - Canção do Exílio\Caracteres e letras - Canção do Exílio.csproj", "{9FD21A36-8CEC-49A6-B6DE-DBC2CA59F9D5}"
EndProject
Project("{9A19103F-16F7-4668-BE54-9A1E7A4F7556}") = "6 - AtribuiçõesDeVariaveis", "..\6 - AtribuiçõesDeVariaveis\6 - AtribuiçõesDeVariaveis.csproj", "{874F4D3A-B5B7-411A-B6AF-43CF9B8DCCAF}"
EndProject
Project("{9A19103F-16F7-4668-BE54-9A1E7A4F7556}") = "7 - Condicionais", "..\7 - Condicionais\7 - Condicionais.csproj", "{CC638D0A-E02B-4F8E-8F0E-7804BF721923}"
EndProject
Project("{9A19103F-16F7-4668-BE54-9A1E7A4F7556}") = "8 - Condicionais2", "..\8 - Condicionais2\8 - Condicionais2.csproj", "{F2C98D90-A8DE-46BF-84BA-B4A7697669AF}"
EndProject
Project("{9A19103F-16F7-4668-BE54-9A1E7A4F7556}") = "AdivinharUmValor", "..\AdivinharUmValor\AdivinharUmValor.csproj", "{2949817E-5079-4B57-81D6-040552577195}"
EndProject
Project("{9A19103F-16F7-4668-BE54-9A1E7A4F7556}") = "9 - Escopo", "..\9 - Escopo\9 - Escopo.csproj", "{4922AB91-FAF1-4058-8270-0F5BE56DBD0D}"
EndProject
Project("{9A19103F-16F7-4668-BE54-9A1E7A4F7556}") = "P11-CalculaPoupança2", "..\P11-CalculaPoupança2\P11-CalculaPoupança2.csproj", "{97F904A6-705E-44F7-A1F2-EAA4520396FB}"
EndProject
Project("{9A19103F-16F7-4668-BE54-9A1E7A4F7556}") = "P12-InvestimentoALongoPrazo", "..\P12-InvestimentoALongoPrazo\P12-InvestimentoALongoPrazo.csproj", "{40F22EB8-2C5C-431F-8E23-72E77FC41E5B}"
EndProject
Project("{FAE04EC0-301F-11D3-BF4B-00C04F79EFBC}") = "P13 - EncadeandoFor", "..\13 - EncadeandoFor\P13 - EncadeandoFor.csproj", "{2A40414D-980A-4EDE-8998-6E8C8EB03DAA}"
EndProject
Project("{FAE04EC0-301F-11D3-BF4B-00C04F79EFBC}") = "LacoDeRepeticaoWhile", "..\LacoDeRepeticaoWhile\LacoDeRepeticaoWhile.csproj", "{C0CDB694-254C-4716-B5F8-903C3768BC4B}"
EndProject
Global
	GlobalSection(SolutionConfigurationPlatforms) = preSolution
		Debug|Any CPU = Debug|Any CPU
		Release|Any CPU = Release|Any CPU
	EndGlobalSection
	GlobalSection(ProjectConfigurationPlatforms) = postSolution
		{BE03B982-25B5-457B-ACCD-52FD931E12DA}.Debug|Any CPU.ActiveCfg = Debug|Any CPU
		{BE03B982-25B5-457B-ACCD-52FD931E12DA}.Debug|Any CPU.Build.0 = Debug|Any CPU
		{BE03B982-25B5-457B-ACCD-52FD931E12DA}.Release|Any CPU.ActiveCfg = Release|Any CPU
		{BE03B982-25B5-457B-ACCD-52FD931E12DA}.Release|Any CPU.Build.0 = Release|Any CPU
		{80BF4728-5071-41B3-935F-21B7DFBD96E5}.Debug|Any CPU.ActiveCfg = Debug|Any CPU
		{80BF4728-5071-41B3-935F-21B7DFBD96E5}.Debug|Any CPU.Build.0 = Debug|Any CPU
		{80BF4728-5071-41B3-935F-21B7DFBD96E5}.Release|Any CPU.ActiveCfg = Release|Any CPU
		{80BF4728-5071-41B3-935F-21B7DFBD96E5}.Release|Any CPU.Build.0 = Release|Any CPU
		{D982EBC8-2713-4606-ADFC-FA2F6B596E14}.Debug|Any CPU.ActiveCfg = Debug|Any CPU
		{D982EBC8-2713-4606-ADFC-FA2F6B596E14}.Debug|Any CPU.Build.0 = Debug|Any CPU
		{D982EBC8-2713-4606-ADFC-FA2F6B596E14}.Release|Any CPU.ActiveCfg = Release|Any CPU
		{D982EBC8-2713-4606-ADFC-FA2F6B596E14}.Release|Any CPU.Build.0 = Release|Any CPU
		{08E8972D-CD35-4DEA-9EC3-64F077087FA1}.Debug|Any CPU.ActiveCfg = Debug|Any CPU
		{08E8972D-CD35-4DEA-9EC3-64F077087FA1}.Debug|Any CPU.Build.0 = Debug|Any CPU
		{08E8972D-CD35-4DEA-9EC3-64F077087FA1}.Release|Any CPU.ActiveCfg = Release|Any CPU
		{08E8972D-CD35-4DEA-9EC3-64F077087FA1}.Release|Any CPU.Build.0 = Release|Any CPU
		{48831437-1901-4EC1-B220-78FEB3B32143}.Debug|Any CPU.ActiveCfg = Debug|Any CPU
		{48831437-1901-4EC1-B220-78FEB3B32143}.Debug|Any CPU.Build.0 = Debug|Any CPU
		{48831437-1901-4EC1-B220-78FEB3B32143}.Release|Any CPU.ActiveCfg = Release|Any CPU
		{48831437-1901-4EC1-B220-78FEB3B32143}.Release|Any CPU.Build.0 = Release|Any CPU
		{9FD21A36-8CEC-49A6-B6DE-DBC2CA59F9D5}.Debug|Any CPU.ActiveCfg = Debug|Any CPU
		{9FD21A36-8CEC-49A6-B6DE-DBC2CA59F9D5}.Debug|Any CPU.Build.0 = Debug|Any CPU
		{9FD21A36-8CEC-49A6-B6DE-DBC2CA59F9D5}.Release|Any CPU.ActiveCfg = Release|Any CPU
		{9FD21A36-8CEC-49A6-B6DE-DBC2CA59F9D5}.Release|Any CPU.Build.0 = Release|Any CPU
		{874F4D3A-B5B7-411A-B6AF-43CF9B8DCCAF}.Debug|Any CPU.ActiveCfg = Debug|Any CPU
		{874F4D3A-B5B7-411A-B6AF-43CF9B8DCCAF}.Debug|Any CPU.Build.0 = Debug|Any CPU
		{874F4D3A-B5B7-411A-B6AF-43CF9B8DCCAF}.Release|Any CPU.ActiveCfg = Release|Any CPU
		{874F4D3A-B5B7-411A-B6AF-43CF9B8DCCAF}.Release|Any CPU.Build.0 = Release|Any CPU
		{CC638D0A-E02B-4F8E-8F0E-7804BF721923}.Debug|Any CPU.ActiveCfg = Debug|Any CPU
		{CC638D0A-E02B-4F8E-8F0E-7804BF721923}.Debug|Any CPU.Build.0 = Debug|Any CPU
		{CC638D0A-E02B-4F8E-8F0E-7804BF721923}.Release|Any CPU.ActiveCfg = Release|Any CPU
		{CC638D0A-E02B-4F8E-8F0E-7804BF721923}.Release|Any CPU.Build.0 = Release|Any CPU
		{F2C98D90-A8DE-46BF-84BA-B4A7697669AF}.Debug|Any CPU.ActiveCfg = Debug|Any CPU
		{F2C98D90-A8DE-46BF-84BA-B4A7697669AF}.Debug|Any CPU.Build.0 = Debug|Any CPU
		{F2C98D90-A8DE-46BF-84BA-B4A7697669AF}.Release|Any CPU.ActiveCfg = Release|Any CPU
		{F2C98D90-A8DE-46BF-84BA-B4A7697669AF}.Release|Any CPU.Build.0 = Release|Any CPU
		{2949817E-5079-4B57-81D6-040552577195}.Debug|Any CPU.ActiveCfg = Debug|Any CPU
		{2949817E-5079-4B57-81D6-040552577195}.Debug|Any CPU.Build.0 = Debug|Any CPU
		{2949817E-5079-4B57-81D6-040552577195}.Release|Any CPU.ActiveCfg = Release|Any CPU
		{2949817E-5079-4B57-81D6-040552577195}.Release|Any CPU.Build.0 = Release|Any CPU
		{4922AB91-FAF1-4058-8270-0F5BE56DBD0D}.Debug|Any CPU.ActiveCfg = Debug|Any CPU
		{4922AB91-FAF1-4058-8270-0F5BE56DBD0D}.Debug|Any CPU.Build.0 = Debug|Any CPU
		{4922AB91-FAF1-4058-8270-0F5BE56DBD0D}.Release|Any CPU.ActiveCfg = Release|Any CPU
		{4922AB91-FAF1-4058-8270-0F5BE56DBD0D}.Release|Any CPU.Build.0 = Release|Any CPU
		{97F904A6-705E-44F7-A1F2-EAA4520396FB}.Debug|Any CPU.ActiveCfg = Debug|Any CPU
		{97F904A6-705E-44F7-A1F2-EAA4520396FB}.Debug|Any CPU.Build.0 = Debug|Any CPU
		{97F904A6-705E-44F7-A1F2-EAA4520396FB}.Release|Any CPU.ActiveCfg = Release|Any CPU
		{97F904A6-705E-44F7-A1F2-EAA4520396FB}.Release|Any CPU.Build.0 = Release|Any CPU
		{40F22EB8-2C5C-431F-8E23-72E77FC41E5B}.Debug|Any CPU.ActiveCfg = Debug|Any CPU
		{40F22EB8-2C5C-431F-8E23-72E77FC41E5B}.Debug|Any CPU.Build.0 = Debug|Any CPU
		{40F22EB8-2C5C-431F-8E23-72E77FC41E5B}.Release|Any CPU.ActiveCfg = Release|Any CPU
		{40F22EB8-2C5C-431F-8E23-72E77FC41E5B}.Release|Any CPU.Build.0 = Release|Any CPU
		{2A40414D-980A-4EDE-8998-6E8C8EB03DAA}.Debug|Any CPU.ActiveCfg = Debug|Any CPU
		{2A40414D-980A-4EDE-8998-6E8C8EB03DAA}.Debug|Any CPU.Build.0 = Debug|Any CPU
		{2A40414D-980A-4EDE-8998-6E8C8EB03DAA}.Release|Any CPU.ActiveCfg = Release|Any CPU
		{2A40414D-980A-4EDE-8998-6E8C8EB03DAA}.Release|Any CPU.Build.0 = Release|Any CPU
		{C0CDB694-254C-4716-B5F8-903C3768BC4B}.Debug|Any CPU.ActiveCfg = Debug|Any CPU
		{C0CDB694-254C-4716-B5F8-903C3768BC4B}.Debug|Any CPU.Build.0 = Debug|Any CPU
		{C0CDB694-254C-4716-B5F8-903C3768BC4B}.Release|Any CPU.ActiveCfg = Release|Any CPU
		{C0CDB694-254C-4716-B5F8-903C3768BC4B}.Release|Any CPU.Build.0 = Release|Any CPU
	EndGlobalSection
	GlobalSection(SolutionProperties) = preSolution
		HideSolutionNode = FALSE
	EndGlobalSection
	GlobalSection(ExtensibilityGlobals) = postSolution
		SolutionGuid = {D28370BA-AA2B-40B1-AFED-56EF3C8042CA}
	EndGlobalSection
EndGlobal
